
Microsoft Visual Studio Solution File, Format Version 12.00
# Visual Studio Version 17
VisualStudioVersion = 17.6.33513.286
MinimumVisualStudioVersion = 10.0.40219.1
Project("{9A19103F-16F7-4668-BE54-9A1E7A4F7556}") = "AppleDev", "AppleDev\AppleDev.csproj", "{E90ECF23-A310-493A-81E3-6A69AD2C36A5}"
EndProject
Project("{9A19103F-16F7-4668-BE54-9A1E7A4F7556}") = "AppleDev.Test", "AppleDev.Test\AppleDev.Test.csproj", "{C8CC415F-4CC7-4655-B019-C20D146E7D8F}"
EndProject
Project("{9A19103F-16F7-4668-BE54-9A1E7A4F7556}") = "AppleDev.Tool", "AppleDev.Tool\AppleDev.Tool.csproj", "{8D41F291-A451-469E-8A14-5BC645703CD6}"
EndProject
Project("{FAE04EC0-301F-11D3-BF4B-00C04F79EFBC}") = "AppStoreConnectClient", "AppStoreConnectClient\AppStoreConnectClient.csproj", "{EBEE6A5D-9077-4438-BC03-07816E006F35}"
EndProject
Global
	GlobalSection(SolutionConfigurationPlatforms) = preSolution
		Debug|Any CPU = Debug|Any CPU
		Release|Any CPU = Release|Any CPU
	EndGlobalSection
	GlobalSection(ProjectConfigurationPlatforms) = postSolution
		{E90ECF23-A310-493A-81E3-6A69AD2C36A5}.Debug|Any CPU.ActiveCfg = Debug|Any CPU
		{E90ECF23-A310-493A-81E3-6A69AD2C36A5}.Debug|Any CPU.Build.0 = Debug|Any CPU
		{E90ECF23-A310-493A-81E3-6A69AD2C36A5}.Release|Any CPU.ActiveCfg = Release|Any CPU
		{E90ECF23-A310-493A-81E3-6A69AD2C36A5}.Release|Any CPU.Build.0 = Release|Any CPU
		{C8CC415F-4CC7-4655-B019-C20D146E7D8F}.Debug|Any CPU.ActiveCfg = Debug|Any CPU
		{C8CC415F-4CC7-4655-B019-C20D146E7D8F}.Debug|Any CPU.Build.0 = Debug|Any CPU
		{C8CC415F-4CC7-4655-B019-C20D146E7D8F}.Release|Any CPU.ActiveCfg = Release|Any CPU
		{C8CC415F-4CC7-4655-B019-C20D146E7D8F}.Release|Any CPU.Build.0 = Release|Any CPU
		{8D41F291-A451-469E-8A14-5BC645703CD6}.Debug|Any CPU.ActiveCfg = Debug|Any CPU
		{8D41F291-A451-469E-8A14-5BC645703CD6}.Debug|Any CPU.Build.0 = Debug|Any CPU
		{8D41F291-A451-469E-8A14-5BC645703CD6}.Release|Any CPU.ActiveCfg = Release|Any CPU
		{8D41F291-A451-469E-8A14-5BC645703CD6}.Release|Any CPU.Build.0 = Release|Any CPU
		{EBEE6A5D-9077-4438-BC03-07816E006F35}.Debug|Any CPU.ActiveCfg = Debug|Any CPU
		{EBEE6A5D-9077-4438-BC03-07816E006F35}.Debug|Any CPU.Build.0 = Debug|Any CPU
		{EBEE6A5D-9077-4438-BC03-07816E006F35}.Release|Any CPU.ActiveCfg = Release|Any CPU
		{EBEE6A5D-9077-4438-BC03-07816E006F35}.Release|Any CPU.Build.0 = Release|Any CPU
	EndGlobalSection
	GlobalSection(SolutionProperties) = preSolution
		HideSolutionNode = FALSE
	EndGlobalSection
	GlobalSection(ExtensibilityGlobals) = postSolution
		SolutionGuid = {D7701DE2-F221-4C65-848E-7283020F75ED}
	EndGlobalSection
EndGlobal
